{
  "object": {
    "pins": [
      {
        "package": "Swinject",
        "repositoryURL": "git@github.com:Swinject/Swinject.git",
        "state": {
          "branch": null,
          "revision": "8a76d2c74bafbb455763487cc6a08e91bad1f78b",
          "version": "2.7.1"
        }
      }
    ]
  },
  "version": 1
}
